// !$*UTF8*$!
{
	archiveVersion = 1;
	classes = {
	};
	objectVersion = 77;
	objects = {

/* Begin PBXBuildFile section */
		720DEC6A2D24581D006EA342 /* CreditsView.swift in Sources */ = {isa = PBXBuildFile; fileRef = 720DEC692D24581D006EA342 /* CreditsView.swift */; };
		72537C252F04361900829F59 /* AppReview.swift in Sources */ = {isa = PBXBuildFile; fileRef = 72537C242F04361900829F59 /* AppReview.swift */; };
		72574CD12E49F33800BFF138 /* AppIntents.swift in Sources */ = {isa = PBXBuildFile; fileRef = 72574CD02E49F33800BFF138 /* AppIntents.swift */; };
		72574CD22E49F33800BFF138 /* AppIntents.swift in Sources */ = {isa = PBXBuildFile; fileRef = 72574CD02E49F33800BFF138 /* AppIntents.swift */; };
		72716A5E2F945FAE003F15C1 /* WallpaperView.swift in Sources */ = {isa = PBXBuildFile; fileRef = 72716A5B2F945FAE003F15C1 /* WallpaperView.swift */; };
		72716A5F2F945FAE003F15C1 /* ViewExtensions.swift in Sources */ = {isa = PBXBuildFile; fileRef = 72716A3C2F945FAE003F15C1 /* ViewExtensions.swift */; };
		72716A612F945FAE003F15C1 /* GlassEffect.swift in Sources */ = {isa = PBXBuildFile; fileRef = 72716A3E2F945FAE003F15C1 /* GlassEffect.swift */; };
		72716A672F945FAE003F15C1 /* SearchBar.swift in Sources */ = {isa = PBXBuildFile; fileRef = 72716A3B2F945FAE003F15C1 /* SearchBar.swift */; };
		72716A6B2F945FAE003F15C1 /* NamesView.swift in Sources */ = {isa = PBXBuildFile; fileRef = 72716A582F945FAE003F15C1 /* NamesView.swift */; };
		72716A702F945FAE003F15C1 /* DuaView.swift in Sources */ = {isa = PBXBuildFile; fileRef = 72716A562F945FAE003F15C1 /* DuaView.swift */; };
		72716A712F945FAE003F15C1 /* ArabicView.swift in Sources */ = {isa = PBXBuildFile; fileRef = 72716A532F945FAE003F15C1 /* ArabicView.swift */; };
		72716A732F945FAE003F15C1 /* PreviewSupport.swift in Sources */ = {isa = PBXBuildFile; fileRef = 72716A3D2F945FAE003F15C1 /* PreviewSupport.swift */; };
		72716A742F945FAE003F15C1 /* TajweedView.swift in Sources */ = {isa = PBXBuildFile; fileRef = 72716A542F945FAE003F15C1 /* TajweedView.swift */; };
		72716A752F945FAE003F15C1 /* TasbihView.swift in Sources */ = {isa = PBXBuildFile; fileRef = 72716A572F945FAE003F15C1 /* TasbihView.swift */; };
		72716A792F945FAE003F15C1 /* IslamView.swift in Sources */ = {isa = PBXBuildFile; fileRef = 72716A522F945FAE003F15C1 /* IslamView.swift */; };
		72716A7B2F945FAE003F15C1 /* PillarsView.swift in Sources */ = {isa = PBXBuildFile; fileRef = 72716A5C2F945FAE003F15C1 /* PillarsView.swift */; };
		72716A7C2F945FAE003F15C1 /* DateView.swift in Sources */ = {isa = PBXBuildFile; fileRef = 72716A592F945FAE003F15C1 /* DateView.swift */; };
		72716A7D2F945FAE003F15C1 /* AdhkarView.swift in Sources */ = {isa = PBXBuildFile; fileRef = 72716A552F945FAE003F15C1 /* AdhkarView.swift */; };
		72716A7E2F945FAE003F15C1 /* WallpaperView.swift in Sources */ = {isa = PBXBuildFile; fileRef = 72716A5B2F945FAE003F15C1 /* WallpaperView.swift */; };
		72716A7F2F945FAE003F15C1 /* ViewExtensions.swift in Sources */ = {isa = PBXBuildFile; fileRef = 72716A3C2F945FAE003F15C1 /* ViewExtensions.swift */; };
		72716A812F945FAE003F15C1 /* GlassEffect.swift in Sources */ = {isa = PBXBuildFile; fileRef = 72716A3E2F945FAE003F15C1 /* GlassEffect.swift */; };
		72716A872F945FAE003F15C1 /* SearchBar.swift in Sources */ = {isa = PBXBuildFile; fileRef = 72716A3B2F945FAE003F15C1 /* SearchBar.swift */; };
		72716A8B2F945FAE003F15C1 /* NamesView.swift in Sources */ = {isa = PBXBuildFile; fileRef = 72716A582F945FAE003F15C1 /* NamesView.swift */; };
		72716A902F945FAE003F15C1 /* DuaView.swift in Sources */ = {isa = PBXBuildFile; fileRef = 72716A562F945FAE003F15C1 /* DuaView.swift */; };
		72716A912F945FAE003F15C1 /* ArabicView.swift in Sources */ = {isa = PBXBuildFile; fileRef = 72716A532F945FAE003F15C1 /* ArabicView.swift */; };
		72716A932F945FAE003F15C1 /* PreviewSupport.swift in Sources */ = {isa = PBXBuildFile; fileRef = 72716A3D2F945FAE003F15C1 /* PreviewSupport.swift */; };
		72716A942F945FAE003F15C1 /* TajweedView.swift in Sources */ = {isa = PBXBuildFile; fileRef = 72716A542F945FAE003F15C1 /* TajweedView.swift */; };
		72716A952F945FAE003F15C1 /* TasbihView.swift in Sources */ = {isa = PBXBuildFile; fileRef = 72716A572F945FAE003F15C1 /* TasbihView.swift */; };
		72716A992F945FAE003F15C1 /* IslamView.swift in Sources */ = {isa = PBXBuildFile; fileRef = 72716A522F945FAE003F15C1 /* IslamView.swift */; };
		72716A9B2F945FAE003F15C1 /* PillarsView.swift in Sources */ = {isa = PBXBuildFile; fileRef = 72716A5C2F945FAE003F15C1 /* PillarsView.swift */; };
		72716A9C2F945FAE003F15C1 /* DateView.swift in Sources */ = {isa = PBXBuildFile; fileRef = 72716A592F945FAE003F15C1 /* DateView.swift */; };
		72716A9D2F945FAE003F15C1 /* AdhkarView.swift in Sources */ = {isa = PBXBuildFile; fileRef = 72716A552F945FAE003F15C1 /* AdhkarView.swift */; };
		72827EB72E3D71BB00EBA534 /* SettingsQuranView.swift in Sources */ = {isa = PBXBuildFile; fileRef = 72827EB62E3D71BB00EBA534 /* SettingsQuranView.swift */; };
		72827EB82E3D71BB00EBA534 /* SettingsQuranView.swift in Sources */ = {isa = PBXBuildFile; fileRef = 72827EB62E3D71BB00EBA534 /* SettingsQuranView.swift */; };
		728D752E2F79C25D00502B8A /* Uthmani.ttf in Resources */ = {isa = PBXBuildFile; fileRef = 728D752C2F79C25D00502B8A /* Uthmani.ttf */; };
		728D752F2F79C25D00502B8A /* Indopak.ttf in Resources */ = {isa = PBXBuildFile; fileRef = 728D752D2F79C25D00502B8A /* Indopak.ttf */; };
		728D75302F79C25D00502B8A /* Uthmani.ttf in Resources */ = {isa = PBXBuildFile; fileRef = 728D752C2F79C25D00502B8A /* Uthmani.ttf */; };
		728D75312F79C25D00502B8A /* Indopak.ttf in Resources */ = {isa = PBXBuildFile; fileRef = 728D752D2F79C25D00502B8A /* Indopak.ttf */; };
		728D75362F79C26600502B8A /* NamesOfAllah.json in Resources */ = {isa = PBXBuildFile; fileRef = 728D75322F79C26600502B8A /* NamesOfAllah.json */; };
		728D75392F79C26600502B8A /* NamesOfAllah.json in Resources */ = {isa = PBXBuildFile; fileRef = 728D75322F79C26600502B8A /* NamesOfAllah.json */; };
		728D75A92F79C53600502B8A /* ArabicLetters.swift in Sources */ = {isa = PBXBuildFile; fileRef = 728D75A82F79C53600502B8A /* ArabicLetters.swift */; };
		728D75AA2F79C53600502B8A /* ArabicLetters.swift in Sources */ = {isa = PBXBuildFile; fileRef = 728D75A82F79C53600502B8A /* ArabicLetters.swift */; };
		728D75BD2F79CF1B00502B8A /* AppReview.swift in Sources */ = {isa = PBXBuildFile; fileRef = 72537C242F04361900829F59 /* AppReview.swift */; };
		728D75BF2F79CF5100502B8A /* CreditsView.swift in Sources */ = {isa = PBXBuildFile; fileRef = 720DEC692D24581D006EA342 /* CreditsView.swift */; };
		728D75E72F79D2FA00502B8A /* SplashScreen.swift in Sources */ = {isa = PBXBuildFile; fileRef = 72F47A1A2B36BF0300FCF22C /* SplashScreen.swift */; };
		728D764F2F79E9D700502B8A /* AppDelegate.swift in Sources */ = {isa = PBXBuildFile; fileRef = 728D764E2F79E9D700502B8A /* AppDelegate.swift */; };
		728D76502F79E9D700502B8A /* AppDelegate.swift in Sources */ = {isa = PBXBuildFile; fileRef = 728D764E2F79E9D700502B8A /* AppDelegate.swift */; };
		728E2EF02E6E062500F2C24C /* SettingsQuran.swift in Sources */ = {isa = PBXBuildFile; fileRef = 728E2EEF2E6E062500F2C24C /* SettingsQuran.swift */; };
		728E2EF12E6E062500F2C24C /* SettingsQuran.swift in Sources */ = {isa = PBXBuildFile; fileRef = 728E2EEF2E6E062500F2C24C /* SettingsQuran.swift */; };
		729E237D2B367CA700E1E0DA /* Al-QuranApp.swift in Sources */ = {isa = PBXBuildFile; fileRef = 729E237C2B367CA700E1E0DA /* Al-QuranApp.swift */; };
		729E23812B367CA800E1E0DA /* Assets.xcassets in Resources */ = {isa = PBXBuildFile; fileRef = 729E23802B367CA800E1E0DA /* Assets.xcassets */; };
		72B2F05A2F94CDE30014826E /* PlayCustomRangeSheet.swift in Sources */ = {isa = PBXBuildFile; fileRef = 72B2F0522F94CDE30014826E /* PlayCustomRangeSheet.swift */; };
		72B2F05B2F94CDE30014826E /* QuranStructs.swift in Sources */ = {isa = PBXBuildFile; fileRef = 72B2F0482F94CDE30014826E /* QuranStructs.swift */; };
		72B2F05C2F94CDE30014826E /* QuranPlayer.swift in Sources */ = {isa = PBXBuildFile; fileRef = 72B2F0532F94CDE30014826E /* QuranPlayer.swift */; };
		72B2F05D2F94CDE30014826E /* SurahHeaders.swift in Sources */ = {isa = PBXBuildFile; fileRef = 72B2F04E2F94CDE30014826E /* SurahHeaders.swift */; };
		72B2F05E2F94CDE30014826E /* AyahRow.swift in Sources */ = {isa = PBXBuildFile; fileRef = 72B2F0502F94CDE30014826E /* AyahRow.swift */; };
		72B2F05F2F94CDE30014826E /* ProfanityFilter.swift in Sources */ = {isa = PBXBuildFile; fileRef = 72B2F0572F94CDE30014826E /* ProfanityFilter.swift */; };
		72B2F0602F94CDE30014826E /* TajweedRules.swift in Sources */ = {isa = PBXBuildFile; fileRef = 72B2F04A2F94CDE30014826E /* TajweedRules.swift */; };
		72B2F0612F94CDE30014826E /* QuranView.swift in Sources */ = {isa = PBXBuildFile; fileRef = 72B2F04B2F94CDE30014826E /* QuranView.swift */; };
		72B2F0622F94CDE30014826E /* SurahRows.swift in Sources */ = {isa = PBXBuildFile; fileRef = 72B2F04C2F94CDE30014826E /* SurahRows.swift */; };
		72B2F0632F94CDE30014826E /* QuranShortcuts.swift in Sources */ = {isa = PBXBuildFile; fileRef = 72B2F0582F94CDE30014826E /* QuranShortcuts.swift */; };
		72B2F0642F94CDE30014826E /* TajweedLegendView.swift in Sources */ = {isa = PBXBuildFile; fileRef = 72B2F0512F94CDE30014826E /* TajweedLegendView.swift */; };
		72B2F0652F94CDE30014826E /* NowPlayingView.swift in Sources */ = {isa = PBXBuildFile; fileRef = 72B2F0542F94CDE30014826E /* NowPlayingView.swift */; };
		72B2F0662F94CDE30014826E /* AyahsView.swift in Sources */ = {isa = PBXBuildFile; fileRef = 72B2F04F2F94CDE30014826E /* AyahsView.swift */; };
		72B2F0672F94CDE30014826E /* Highlighted.swift in Sources */ = {isa = PBXBuildFile; fileRef = 72B2F0562F94CDE30014826E /* Highlighted.swift */; };
		72B2F0682F94CDE30014826E /* QuranData.swift in Sources */ = {isa = PBXBuildFile; fileRef = 72B2F0492F94CDE30014826E /* QuranData.swift */; };
		72B2F0692F94CDE30014826E /* ContextMenu.swift in Sources */ = {isa = PBXBuildFile; fileRef = 72B2F04D2F94CDE30014826E /* ContextMenu.swift */; };
		72B2F06A2F94CDE30014826E /* ShareAyah.swift in Sources */ = {isa = PBXBuildFile; fileRef = 72B2F0552F94CDE30014826E /* ShareAyah.swift */; };
		72B2F06B2F94CDE30014826E /* PlayCustomRangeSheet.swift in Sources */ = {isa = PBXBuildFile; fileRef = 72B2F0522F94CDE30014826E /* PlayCustomRangeSheet.swift */; };
		72B2F06C2F94CDE30014826E /* QuranStructs.swift in Sources */ = {isa = PBXBuildFile; fileRef = 72B2F0482F94CDE30014826E /* QuranStructs.swift */; };
		72B2F06D2F94CDE30014826E /* QuranPlayer.swift in Sources */ = {isa = PBXBuildFile; fileRef = 72B2F0532F94CDE30014826E /* QuranPlayer.swift */; };
		72B2F06E2F94CDE30014826E /* SurahHeaders.swift in Sources */ = {isa = PBXBuildFile; fileRef = 72B2F04E2F94CDE30014826E /* SurahHeaders.swift */; };
		72B2F06F2F94CDE30014826E /* AyahRow.swift in Sources */ = {isa = PBXBuildFile; fileRef = 72B2F0502F94CDE30014826E /* AyahRow.swift */; };
		72B2F0702F94CDE30014826E /* ProfanityFilter.swift in Sources */ = {isa = PBXBuildFile; fileRef = 72B2F0572F94CDE30014826E /* ProfanityFilter.swift */; };
		72B2F0712F94CDE30014826E /* TajweedRules.swift in Sources */ = {isa = PBXBuildFile; fileRef = 72B2F04A2F94CDE30014826E /* TajweedRules.swift */; };
		72B2F0722F94CDE30014826E /* QuranView.swift in Sources */ = {isa = PBXBuildFile; fileRef = 72B2F04B2F94CDE30014826E /* QuranView.swift */; };
		72B2F0732F94CDE30014826E /* SurahRows.swift in Sources */ = {isa = PBXBuildFile; fileRef = 72B2F04C2F94CDE30014826E /* SurahRows.swift */; };
		72B2F0742F94CDE30014826E /* QuranShortcuts.swift in Sources */ = {isa = PBXBuildFile; fileRef = 72B2F0582F94CDE30014826E /* QuranShortcuts.swift */; };
		72B2F0752F94CDE30014826E /* TajweedLegendView.swift in Sources */ = {isa = PBXBuildFile; fileRef = 72B2F0512F94CDE30014826E /* TajweedLegendView.swift */; };
		72B2F0762F94CDE30014826E /* NowPlayingView.swift in Sources */ = {isa = PBXBuildFile; fileRef = 72B2F0542F94CDE30014826E /* NowPlayingView.swift */; };
		72B2F0772F94CDE30014826E /* AyahsView.swift in Sources */ = {isa = PBXBuildFile; fileRef = 72B2F04F2F94CDE30014826E /* AyahsView.swift */; };
		72B2F0782F94CDE30014826E /* Highlighted.swift in Sources */ = {isa = PBXBuildFile; fileRef = 72B2F0562F94CDE30014826E /* Highlighted.swift */; };
		72B2F0792F94CDE30014826E /* QuranData.swift in Sources */ = {isa = PBXBuildFile; fileRef = 72B2F0492F94CDE30014826E /* QuranData.swift */; };
		72B2F07A2F94CDE30014826E /* ContextMenu.swift in Sources */ = {isa = PBXBuildFile; fileRef = 72B2F04D2F94CDE30014826E /* ContextMenu.swift */; };
		72B2F07B2F94CDE30014826E /* ShareAyah.swift in Sources */ = {isa = PBXBuildFile; fileRef = 72B2F0552F94CDE30014826E /* ShareAyah.swift */; };
		72BB523F2F8B8C880049EB9E /* QiraahDuri.json in Resources */ = {isa = PBXBuildFile; fileRef = 72BB523C2F8B8C880049EB9E /* QiraahDuri.json */; };
		72BB52402F8B8C880049EB9E /* QiraahShubah.json in Resources */ = {isa = PBXBuildFile; fileRef = 72BB52372F8B8C880049EB9E /* QiraahShubah.json */; };
		72BB52412F8B8C880049EB9E /* QiraahWarsh.json in Resources */ = {isa = PBXBuildFile; fileRef = 72BB523A2F8B8C880049EB9E /* QiraahWarsh.json */; };
		72BB52422F8B8C880049EB9E /* QiraahQaloon.json in Resources */ = {isa = PBXBuildFile; fileRef = 72BB523B2F8B8C880049EB9E /* QiraahQaloon.json */; };
		72BB52432F8B8C880049EB9E /* QiraahBuzzi.json in Resources */ = {isa = PBXBuildFile; fileRef = 72BB52382F8B8C880049EB9E /* QiraahBuzzi.json */; };
		72BB52442F8B8C880049EB9E /* QiraahSusi.json in Resources */ = {isa = PBXBuildFile; fileRef = 72BB523D2F8B8C880049EB9E /* QiraahSusi.json */; };
		72BB52452F8B8C880049EB9E /* QiraahQunbul.json in Resources */ = {isa = PBXBuildFile; fileRef = 72BB52392F8B8C880049EB9E /* QiraahQunbul.json */; };
		72BB52462F8B8C880049EB9E /* QiraahDuri.json in Resources */ = {isa = PBXBuildFile; fileRef = 72BB523C2F8B8C880049EB9E /* QiraahDuri.json */; };
		72BB52472F8B8C880049EB9E /* QiraahShubah.json in Resources */ = {isa = PBXBuildFile; fileRef = 72BB52372F8B8C880049EB9E /* QiraahShubah.json */; };
		72BB52482F8B8C880049EB9E /* QiraahWarsh.json in Resources */ = {isa = PBXBuildFile; fileRef = 72BB523A2F8B8C880049EB9E /* QiraahWarsh.json */; };
		72BB52492F8B8C880049EB9E /* QiraahQaloon.json in Resources */ = {isa = PBXBuildFile; fileRef = 72BB523B2F8B8C880049EB9E /* QiraahQaloon.json */; };
		72BB524A2F8B8C880049EB9E /* QiraahBuzzi.json in Resources */ = {isa = PBXBuildFile; fileRef = 72BB52382F8B8C880049EB9E /* QiraahBuzzi.json */; };
		72BB524B2F8B8C880049EB9E /* QiraahSusi.json in Resources */ = {isa = PBXBuildFile; fileRef = 72BB523D2F8B8C880049EB9E /* QiraahSusi.json */; };
		72BB524C2F8B8C880049EB9E /* QiraahQunbul.json in Resources */ = {isa = PBXBuildFile; fileRef = 72BB52392F8B8C880049EB9E /* QiraahQunbul.json */; };
		72BB524E2F8B8C8F0049EB9E /* Quran.json in Resources */ = {isa = PBXBuildFile; fileRef = 72BB524D2F8B8C8F0049EB9E /* Quran.json */; };
		72BB524F2F8B8C8F0049EB9E /* Quran.json in Resources */ = {isa = PBXBuildFile; fileRef = 72BB524D2F8B8C8F0049EB9E /* Quran.json */; };
		72BC6B342E3190B800ACD832 /* Globals.swift in Sources */ = {isa = PBXBuildFile; fileRef = 72BC6B332E3190B800ACD832 /* Globals.swift */; };
		72BC6B352E3190B800ACD832 /* Globals.swift in Sources */ = {isa = PBXBuildFile; fileRef = 72BC6B332E3190B800ACD832 /* Globals.swift */; };
		72F479B92B367DE200FCF22C /* LaunchScreen.swift in Sources */ = {isa = PBXBuildFile; fileRef = 72F479A82B367DE200FCF22C /* LaunchScreen.swift */; };
		72F479C12B367DE200FCF22C /* SettingsView.swift in Sources */ = {isa = PBXBuildFile; fileRef = 72F479B42B367DE200FCF22C /* SettingsView.swift */; };
		72F479C22B367DE200FCF22C /* Settings.swift in Sources */ = {isa = PBXBuildFile; fileRef = 72F479B52B367DE200FCF22C /* Settings.swift */; };
		72F479FA2B36B95D00FCF22C /* Al-QuranApp.swift in Sources */ = {isa = PBXBuildFile; fileRef = 72F479F92B36B95D00FCF22C /* Al-QuranApp.swift */; };
		72F47A042B36B95E00FCF22C /* Beginner Quran.app in Embed Watch Content */ = {isa = PBXBuildFile; fileRef = 72F479F72B36B95D00FCF22C /* Beginner Quran.app */; settings = {ATTRIBUTES = (RemoveHeadersOnCopy, ); }; };
		72F47A082B36B99600FCF22C /* SettingsView.swift in Sources */ = {isa = PBXBuildFile; fileRef = 72F479B42B367DE200FCF22C /* SettingsView.swift */; };
		72F47A092B36B99600FCF22C /* Settings.swift in Sources */ = {isa = PBXBuildFile; fileRef = 72F479B52B367DE200FCF22C /* Settings.swift */; };
		72F47A182B36BA1800FCF22C /* LaunchScreen.swift in Sources */ = {isa = PBXBuildFile; fileRef = 72F479A82B367DE200FCF22C /* LaunchScreen.swift */; };
		72F47A1B2B36BF0300FCF22C /* SplashScreen.swift in Sources */ = {isa = PBXBuildFile; fileRef = 72F47A1A2B36BF0300FCF22C /* SplashScreen.swift */; };
		72F47A1C2B38E49100FCF22C /* Assets.xcassets in Resources */ = {isa = PBXBuildFile; fileRef = 729E23802B367CA800E1E0DA /* Assets.xcassets */; };
/* End PBXBuildFile section */

/* Begin PBXContainerItemProxy section */
		72F47A022B36B95E00FCF22C /* PBXContainerItemProxy */ = {
			isa = PBXContainerItemProxy;
			containerPortal = 729E23712B367CA700E1E0DA /* Project object */;
			proxyType = 1;
			remoteGlobalIDString = 72F479F62B36B95D00FCF22C;
			remoteInfo = "Quran Watch App";
		};
/* End PBXContainerItemProxy section */

/* Begin PBXCopyFilesBuildPhase section */
		72574C6B2E49534800BFF138 /* Embed Foundation Extensions */ = {
			isa = PBXCopyFilesBuildPhase;
			buildActionMask = 2147483647;
			dstPath = "";
			dstSubfolderSpec = 13;
			files = (
			);
			name = "Embed Foundation Extensions";
			runOnlyForDeploymentPostprocessing = 0;
		};
		72574C852E49536100BFF138 /* Embed Foundation Extensions */ = {
			isa = PBXCopyFilesBuildPhase;
			buildActionMask = 2147483647;
			dstPath = "";
			dstSubfolderSpec = 13;
			files = (
			);
			name = "Embed Foundation Extensions";
			runOnlyForDeploymentPostprocessing = 0;
		};
		72F479E12B36B5D900FCF22C /* Embed Watch Content */ = {
			isa = PBXCopyFilesBuildPhase;
			buildActionMask = 12;
			dstPath = "$(CONTENTS_FOLDER_PATH)/Watch";
			dstSubfolderSpec = 16;
			files = (
				72F47A042B36B95E00FCF22C /* Beginner Quran.app in Embed Watch Content */,
			);
			name = "Embed Watch Content";
			runOnlyForDeploymentPostprocessing = 0;
		};
/* End PBXCopyFilesBuildPhase section */

/* Begin PBXFileReference section */
		720DEC692D24581D006EA342 /* CreditsView.swift */ = {isa = PBXFileReference; lastKnownFileType = sourcecode.swift; path = CreditsView.swift; sourceTree = "<group>"; };
		72537C242F04361900829F59 /* AppReview.swift */ = {isa = PBXFileReference; lastKnownFileType = sourcecode.swift; path = AppReview.swift; sourceTree = "<group>"; };
		72574CD02E49F33800BFF138 /* AppIntents.swift */ = {isa = PBXFileReference; lastKnownFileType = sourcecode.swift; path = AppIntents.swift; sourceTree = "<group>"; };
		72716A3B2F945FAE003F15C1 /* SearchBar.swift */ = {isa = PBXFileReference; lastKnownFileType = sourcecode.swift; path = SearchBar.swift; sourceTree = "<group>"; };
		72716A3C2F945FAE003F15C1 /* ViewExtensions.swift */ = {isa = PBXFileReference; lastKnownFileType = sourcecode.swift; path = ViewExtensions.swift; sourceTree = "<group>"; };
		72716A3D2F945FAE003F15C1 /* PreviewSupport.swift */ = {isa = PBXFileReference; lastKnownFileType = sourcecode.swift; path = PreviewSupport.swift; sourceTree = "<group>"; };
		72716A3E2F945FAE003F15C1 /* GlassEffect.swift */ = {isa = PBXFileReference; lastKnownFileType = sourcecode.swift; path = GlassEffect.swift; sourceTree = "<group>"; };
		72716A522F945FAE003F15C1 /* IslamView.swift */ = {isa = PBXFileReference; lastKnownFileType = sourcecode.swift; path = IslamView.swift; sourceTree = "<group>"; };
		72716A532F945FAE003F15C1 /* ArabicView.swift */ = {isa = PBXFileReference; lastKnownFileType = sourcecode.swift; path = ArabicView.swift; sourceTree = "<group>"; };
		72716A542F945FAE003F15C1 /* TajweedView.swift */ = {isa = PBXFileReference; lastKnownFileType = sourcecode.swift; path = TajweedView.swift; sourceTree = "<group>"; };
		72716A552F945FAE003F15C1 /* AdhkarView.swift */ = {isa = PBXFileReference; lastKnownFileType = sourcecode.swift; path = AdhkarView.swift; sourceTree = "<group>"; };
		72716A562F945FAE003F15C1 /* DuaView.swift */ = {isa = PBXFileReference; lastKnownFileType = sourcecode.swift; path = DuaView.swift; sourceTree = "<group>"; };
		72716A572F945FAE003F15C1 /* TasbihView.swift */ = {isa = PBXFileReference; lastKnownFileType = sourcecode.swift; path = TasbihView.swift; sourceTree = "<group>"; };
		72716A582F945FAE003F15C1 /* NamesView.swift */ = {isa = PBXFileReference; lastKnownFileType = sourcecode.swift; path = NamesView.swift; sourceTree = "<group>"; };
		72716A592F945FAE003F15C1 /* DateView.swift */ = {isa = PBXFileReference; lastKnownFileType = sourcecode.swift; path = DateView.swift; sourceTree = "<group>"; };
		72716A5B2F945FAE003F15C1 /* WallpaperView.swift */ = {isa = PBXFileReference; lastKnownFileType = sourcecode.swift; path = WallpaperView.swift; sourceTree = "<group>"; };
		72716A5C2F945FAE003F15C1 /* PillarsView.swift */ = {isa = PBXFileReference; lastKnownFileType = sourcecode.swift; path = PillarsView.swift; sourceTree = "<group>"; };
		72827EB62E3D71BB00EBA534 /* SettingsQuranView.swift */ = {isa = PBXFileReference; lastKnownFileType = sourcecode.swift; path = SettingsQuranView.swift; sourceTree = "<group>"; };
		728D752C2F79C25D00502B8A /* Uthmani.ttf */ = {isa = PBXFileReference; lastKnownFileType = file; path = Uthmani.ttf; sourceTree = "<group>"; };
		728D752D2F79C25D00502B8A /* Indopak.ttf */ = {isa = PBXFileReference; lastKnownFileType = file; path = Indopak.ttf; sourceTree = "<group>"; };
		728D75322F79C26600502B8A /* NamesOfAllah.json */ = {isa = PBXFileReference; lastKnownFileType = text.json; path = NamesOfAllah.json; sourceTree = "<group>"; };
		728D75A82F79C53600502B8A /* ArabicLetters.swift */ = {isa = PBXFileReference; lastKnownFileType = sourcecode.swift; path = ArabicLetters.swift; sourceTree = "<group>"; };
		728D764E2F79E9D700502B8A /* AppDelegate.swift */ = {isa = PBXFileReference; lastKnownFileType = sourcecode.swift; path = AppDelegate.swift; sourceTree = "<group>"; };
		728E2EEF2E6E062500F2C24C /* SettingsQuran.swift */ = {isa = PBXFileReference; lastKnownFileType = sourcecode.swift; path = SettingsQuran.swift; sourceTree = "<group>"; };
		729E23792B367CA700E1E0DA /* iPhone.app */ = {isa = PBXFileReference; explicitFileType = wrapper.application; includeInIndex = 0; path = iPhone.app; sourceTree = BUILT_PRODUCTS_DIR; };
		729E237C2B367CA700E1E0DA /* Al-QuranApp.swift */ = {isa = PBXFileReference; lastKnownFileType = sourcecode.swift; path = "Al-QuranApp.swift"; sourceTree = "<group>"; };
		729E23802B367CA800E1E0DA /* Assets.xcassets */ = {isa = PBXFileReference; lastKnownFileType = folder.assetcatalog; path = Assets.xcassets; sourceTree = "<group>"; };
		72B2F0482F94CDE30014826E /* QuranStructs.swift */ = {isa = PBXFileReference; lastKnownFileType = sourcecode.swift; path = QuranStructs.swift; sourceTree = "<group>"; };
		72B2F0492F94CDE30014826E /* QuranData.swift */ = {isa = PBXFileReference; lastKnownFileType = sourcecode.swift; path = QuranData.swift; sourceTree = "<group>"; };
		72B2F04A2F94CDE30014826E /* TajweedRules.swift */ = {isa = PBXFileReference; lastKnownFileType = sourcecode.swift; path = TajweedRules.swift; sourceTree = "<group>"; };
		72B2F04B2F94CDE30014826E /* QuranView.swift */ = {isa = PBXFileReference; lastKnownFileType = sourcecode.swift; path = QuranView.swift; sourceTree = "<group>"; };
		72B2F04C2F94CDE30014826E /* SurahRows.swift */ = {isa = PBXFileReference; lastKnownFileType = sourcecode.swift; path = SurahRows.swift; sourceTree = "<group>"; };
		72B2F04D2F94CDE30014826E /* ContextMenu.swift */ = {isa = PBXFileReference; lastKnownFileType = sourcecode.swift; path = ContextMenu.swift; sourceTree = "<group>"; };
		72B2F04E2F94CDE30014826E /* SurahHeaders.swift */ = {isa = PBXFileReference; lastKnownFileType = sourcecode.swift; path = SurahHeaders.swift; sourceTree = "<group>"; };
		72B2F04F2F94CDE30014826E /* AyahsView.swift */ = {isa = PBXFileReference; lastKnownFileType = sourcecode.swift; path = AyahsView.swift; sourceTree = "<group>"; };
		72B2F0502F94CDE30014826E /* AyahRow.swift */ = {isa = PBXFileReference; lastKnownFileType = sourcecode.swift; path = AyahRow.swift; sourceTree = "<group>"; };
		72B2F0512F94CDE30014826E /* TajweedLegendView.swift */ = {isa = PBXFileReference; lastKnownFileType = sourcecode.swift; path = TajweedLegendView.swift; sourceTree = "<group>"; };
		72B2F0522F94CDE30014826E /* PlayCustomRangeSheet.swift */ = {isa = PBXFileReference; lastKnownFileType = sourcecode.swift; path = PlayCustomRangeSheet.swift; sourceTree = "<group>"; };
		72B2F0532F94CDE30014826E /* QuranPlayer.swift */ = {isa = PBXFileReference; lastKnownFileType = sourcecode.swift; path = QuranPlayer.swift; sourceTree = "<group>"; };
		72B2F0542F94CDE30014826E /* NowPlayingView.swift */ = {isa = PBXFileReference; lastKnownFileType = sourcecode.swift; path = NowPlayingView.swift; sourceTree = "<group>"; };
		72B2F0552F94CDE30014826E /* ShareAyah.swift */ = {isa = PBXFileReference; lastKnownFileType = sourcecode.swift; path = ShareAyah.swift; sourceTree = "<group>"; };
		72B2F0562F94CDE30014826E /* Highlighted.swift */ = {isa = PBXFileReference; lastKnownFileType = sourcecode.swift; path = Highlighted.swift; sourceTree = "<group>"; };
		72B2F0572F94CDE30014826E /* ProfanityFilter.swift */ = {isa = PBXFileReference; lastKnownFileType = sourcecode.swift; path = ProfanityFilter.swift; sourceTree = "<group>"; };
		72B2F0582F94CDE30014826E /* QuranShortcuts.swift */ = {isa = PBXFileReference; lastKnownFileType = sourcecode.swift; path = QuranShortcuts.swift; sourceTree = "<group>"; };
		72BB52372F8B8C880049EB9E /* QiraahShubah.json */ = {isa = PBXFileReference; lastKnownFileType = text.json; path = QiraahShubah.json; sourceTree = "<group>"; };
		72BB52382F8B8C880049EB9E /* QiraahBuzzi.json */ = {isa = PBXFileReference; lastKnownFileType = text.json; path = QiraahBuzzi.json; sourceTree = "<group>"; };
		72BB52392F8B8C880049EB9E /* QiraahQunbul.json */ = {isa = PBXFileReference; lastKnownFileType = text.json; path = QiraahQunbul.json; sourceTree = "<group>"; };
		72BB523A2F8B8C880049EB9E /* QiraahWarsh.json */ = {isa = PBXFileReference; lastKnownFileType = text.json; path = QiraahWarsh.json; sourceTree = "<group>"; };
		72BB523B2F8B8C880049EB9E /* QiraahQaloon.json */ = {isa = PBXFileReference; lastKnownFileType = text.json; path = QiraahQaloon.json; sourceTree = "<group>"; };
		72BB523C2F8B8C880049EB9E /* QiraahDuri.json */ = {isa = PBXFileReference; lastKnownFileType = text.json; path = QiraahDuri.json; sourceTree = "<group>"; };
		72BB523D2F8B8C880049EB9E /* QiraahSusi.json */ = {isa = PBXFileReference; lastKnownFileType = text.json; path = QiraahSusi.json; sourceTree = "<group>"; };
		72BB524D2F8B8C8F0049EB9E /* Quran.json */ = {isa = PBXFileReference; lastKnownFileType = text.json; path = Quran.json; sourceTree = "<group>"; };
		72BC6B2E2E2D781E00ACD832 /* Logo.jpg */ = {isa = PBXFileReference; lastKnownFileType = image.jpeg; path = Logo.jpg; sourceTree = "<group>"; };
		72BC6B332E3190B800ACD832 /* Globals.swift */ = {isa = PBXFileReference; lastKnownFileType = sourcecode.swift; path = Globals.swift; sourceTree = "<group>"; };
		72CCAE7A2D42D06600871A6A /* Info-Main.plist */ = {isa = PBXFileReference; lastKnownFileType = text.plist.xml; path = "Info-Main.plist"; sourceTree = "<group>"; };
		72E4E58E2D41B26D00E7FADD /* README.md */ = {isa = PBXFileReference; lastKnownFileType = net.daringfireball.markdown; path = README.md; sourceTree = "<group>"; };
		72F479A82B367DE200FCF22C /* LaunchScreen.swift */ = {isa = PBXFileReference; fileEncoding = 4; lastKnownFileType = sourcecode.swift; path = LaunchScreen.swift; sourceTree = "<group>"; };
		72F479B42B367DE200FCF22C /* SettingsView.swift */ = {isa = PBXFileReference; fileEncoding = 4; lastKnownFileType = sourcecode.swift; path = SettingsView.swift; sourceTree = "<group>"; };
		72F479B52B367DE200FCF22C /* Settings.swift */ = {isa = PBXFileReference; fileEncoding = 4; lastKnownFileType = sourcecode.swift; path = Settings.swift; sourceTree = "<group>"; };
		72F479CA2B36ACAD00FCF22C /* Entitlements.entitlements */ = {isa = PBXFileReference; lastKnownFileType = text.plist.entitlements; path = Entitlements.entitlements; sourceTree = "<group>"; };
		72F479F72B36B95D00FCF22C /* Beginner Quran.app */ = {isa = PBXFileReference; explicitFileType = wrapper.application; includeInIndex = 0; path = "Beginner Quran.app"; sourceTree = BUILT_PRODUCTS_DIR; };
		72F479F92B36B95D00FCF22C /* Al-QuranApp.swift */ = {isa = PBXFileReference; lastKnownFileType = sourcecode.swift; path = "Al-QuranApp.swift"; sourceTree = "<group>"; };
		72F47A1A2B36BF0300FCF22C /* SplashScreen.swift */ = {isa = PBXFileReference; lastKnownFileType = sourcecode.swift; path = SplashScreen.swift; sourceTree = "<group>"; };
/* End PBXFileReference section */

/* Begin PBXFrameworksBuildPhase section */
		729E23762B367CA700E1E0DA /* Frameworks */ = {
			isa = PBXFrameworksBuildPhase;
			buildActionMask = 2147483647;
			files = (
			);
			runOnlyForDeploymentPostprocessing = 0;
		};
		72F479F42B36B95D00FCF22C /* Frameworks */ = {
			isa = PBXFrameworksBuildPhase;
			buildActionMask = 2147483647;
			files = (
			);
			runOnlyForDeploymentPostprocessing = 0;
		};
/* End PBXFrameworksBuildPhase section */

/* Begin PBXGroup section */
		726032612D4212F900919FF7 /* Resources */ = {
			isa = PBXGroup;
			children = (
				72F479CA2B36ACAD00FCF22C /* Entitlements.entitlements */,
				72CCAE7A2D42D06600871A6A /* Info-Main.plist */,
				729E23802B367CA800E1E0DA /* Assets.xcassets */,
				72BC6B2E2E2D781E00ACD832 /* Logo.jpg */,
				72F479B02B367DE200FCF22C /* Fonts */,
				72F479AA2B367DE200FCF22C /* JSONs */,
			);
			path = Resources;
			sourceTree = "<group>";
		};
		72716A3F2F945FAE003F15C1 /* Helpers */ = {
			isa = PBXGroup;
			children = (
				72716A3B2F945FAE003F15C1 /* SearchBar.swift */,
				72716A3C2F945FAE003F15C1 /* ViewExtensions.swift */,
				72716A3D2F945FAE003F15C1 /* PreviewSupport.swift */,
				72716A3E2F945FAE003F15C1 /* GlassEffect.swift */,
			);
			path = Helpers;
			sourceTree = "<group>";
		};
		72716A5D2F945FAE003F15C1 /* Islam */ = {
			isa = PBXGroup;
			children = (
				72716A522F945FAE003F15C1 /* IslamView.swift */,
				72716A532F945FAE003F15C1 /* ArabicView.swift */,
				72716A542F945FAE003F15C1 /* TajweedView.swift */,
				72716A552F945FAE003F15C1 /* AdhkarView.swift */,
				72716A562F945FAE003F15C1 /* DuaView.swift */,
				72716A572F945FAE003F15C1 /* TasbihView.swift */,
				72716A582F945FAE003F15C1 /* NamesView.swift */,
				72716A592F945FAE003F15C1 /* DateView.swift */,
				72716A5B2F945FAE003F15C1 /* WallpaperView.swift */,
				72716A5C2F945FAE003F15C1 /* PillarsView.swift */,
			);
			path = Islam;
			sourceTree = "<group>";
		};
		729E23702B367CA700E1E0DA = {
			isa = PBXGroup;
			children = (
				72E4E58E2D41B26D00E7FADD /* README.md */,
				726032612D4212F900919FF7 /* Resources */,
				729E237B2B367CA700E1E0DA /* iPhone */,
				72F479F82B36B95D00FCF22C /* Apple Watch */,
				729E237A2B367CA700E1E0DA /* Products */,
			);
			sourceTree = "<group>";
		};
		729E237A2B367CA700E1E0DA /* Products */ = {
			isa = PBXGroup;
			children = (
				729E23792B367CA700E1E0DA /* iPhone.app */,
				72F479F72B36B95D00FCF22C /* Beginner Quran.app */,
			);
			name = Products;
			sourceTree = "<group>";
		};
		729E237B2B367CA700E1E0DA /* iPhone */ = {
			isa = PBXGroup;
			children = (
				729E237C2B367CA700E1E0DA /* Al-QuranApp.swift */,
				728D764E2F79E9D700502B8A /* AppDelegate.swift */,
				72537C242F04361900829F59 /* AppReview.swift */,
				72F47A1A2B36BF0300FCF22C /* SplashScreen.swift */,
				72F479A82B367DE200FCF22C /* LaunchScreen.swift */,
				72716A3F2F945FAE003F15C1 /* Helpers */,
				72B2F0592F94CDE30014826E /* Quran */,
				72716A5D2F945FAE003F15C1 /* Islam */,
				72F479B32B367DE200FCF22C /* Settings */,
			);
			path = iPhone;
			sourceTree = "<group>";
		};
		72B2F0592F94CDE30014826E /* Quran */ = {
			isa = PBXGroup;
			children = (
				72B2F0482F94CDE30014826E /* QuranStructs.swift */,
				72B2F0492F94CDE30014826E /* QuranData.swift */,
				72B2F04A2F94CDE30014826E /* TajweedRules.swift */,
				72B2F04B2F94CDE30014826E /* QuranView.swift */,
				72B2F04C2F94CDE30014826E /* SurahRows.swift */,
				72B2F04D2F94CDE30014826E /* ContextMenu.swift */,
				72B2F04E2F94CDE30014826E /* SurahHeaders.swift */,
				72B2F04F2F94CDE30014826E /* AyahsView.swift */,
				72B2F0502F94CDE30014826E /* AyahRow.swift */,
				72B2F0512F94CDE30014826E /* TajweedLegendView.swift */,
				72B2F0522F94CDE30014826E /* PlayCustomRangeSheet.swift */,
				72B2F0532F94CDE30014826E /* QuranPlayer.swift */,
				72B2F0542F94CDE30014826E /* NowPlayingView.swift */,
				72B2F0552F94CDE30014826E /* ShareAyah.swift */,
				72B2F0562F94CDE30014826E /* Highlighted.swift */,
				72B2F0572F94CDE30014826E /* ProfanityFilter.swift */,
				72B2F0582F94CDE30014826E /* QuranShortcuts.swift */,
			);
			path = Quran;
			sourceTree = "<group>";
		};
		72BB523E2F8B8C880049EB9E /* Qiraat */ = {
			isa = PBXGroup;
			children = (
				72BB52372F8B8C880049EB9E /* QiraahShubah.json */,
				72BB52382F8B8C880049EB9E /* QiraahBuzzi.json */,
				72BB52392F8B8C880049EB9E /* QiraahQunbul.json */,
				72BB523A2F8B8C880049EB9E /* QiraahWarsh.json */,
				72BB523B2F8B8C880049EB9E /* QiraahQaloon.json */,
				72BB523C2F8B8C880049EB9E /* QiraahDuri.json */,
				72BB523D2F8B8C880049EB9E /* QiraahSusi.json */,
			);
			path = Qiraat;
			sourceTree = "<group>";
		};
		72F479AA2B367DE200FCF22C /* JSONs */ = {
			isa = PBXGroup;
			children = (
				728D75322F79C26600502B8A /* NamesOfAllah.json */,
				72BB524D2F8B8C8F0049EB9E /* Quran.json */,
				72BB523E2F8B8C880049EB9E /* Qiraat */,
			);
			path = JSONs;
			sourceTree = "<group>";
		};
		72F479B02B367DE200FCF22C /* Fonts */ = {
			isa = PBXGroup;
			children = (
				728D752C2F79C25D00502B8A /* Uthmani.ttf */,
				728D752D2F79C25D00502B8A /* Indopak.ttf */,
			);
			path = Fonts;
			sourceTree = "<group>";
		};
		72F479B32B367DE200FCF22C /* Settings */ = {
			isa = PBXGroup;
			children = (
				72F479B42B367DE200FCF22C /* SettingsView.swift */,
				72827EB62E3D71BB00EBA534 /* SettingsQuranView.swift */,
				720DEC692D24581D006EA342 /* CreditsView.swift */,
				72F479B52B367DE200FCF22C /* Settings.swift */,
				728E2EEF2E6E062500F2C24C /* SettingsQuran.swift */,
				72BC6B332E3190B800ACD832 /* Globals.swift */,
				728D75A82F79C53600502B8A /* ArabicLetters.swift */,
				72574CD02E49F33800BFF138 /* AppIntents.swift */,
			);
			path = Settings;
			sourceTree = "<group>";
		};
		72F479F82B36B95D00FCF22C /* Apple Watch */ = {
			isa = PBXGroup;
			children = (
				72F479F92B36B95D00FCF22C /* Al-QuranApp.swift */,
			);
			path = "Apple Watch";
			sourceTree = "<group>";
		};
/* End PBXGroup section */

/* Begin PBXNativeTarget section */
		729E23782B367CA700E1E0DA /* iPhone */ = {
			isa = PBXNativeTarget;
			buildConfigurationList = 729E23872B367CA800E1E0DA /* Build configuration list for PBXNativeTarget "iPhone" */;
			buildPhases = (
				729E23752B367CA700E1E0DA /* Sources */,
				729E23762B367CA700E1E0DA /* Frameworks */,
				729E23772B367CA700E1E0DA /* Resources */,
				72F479E12B36B5D900FCF22C /* Embed Watch Content */,
				72574C6B2E49534800BFF138 /* Embed Foundation Extensions */,
			);
			buildRules = (
			);
			dependencies = (
				72F47A032B36B95E00FCF22C /* PBXTargetDependency */,
			);
			name = iPhone;
			productName = "Beginner Quran";
			productReference = 729E23792B367CA700E1E0DA /* iPhone.app */;
			productType = "com.apple.product-type.application";
		};
		72F479F62B36B95D00FCF22C /* Watch */ = {
			isa = PBXNativeTarget;
			buildConfigurationList = 72F47A052B36B95E00FCF22C /* Build configuration list for PBXNativeTarget "Watch" */;
			buildPhases = (
				72F479F32B36B95D00FCF22C /* Sources */,
				72F479F42B36B95D00FCF22C /* Frameworks */,
				72F479F52B36B95D00FCF22C /* Resources */,
				72574C852E49536100BFF138 /* Embed Foundation Extensions */,
			);
			buildRules = (
			);
			dependencies = (
			);
			name = Watch;
			productName = "Quran Watch App";
			productReference = 72F479F72B36B95D00FCF22C /* Beginner Quran.app */;
			productType = "com.apple.product-type.application";
		};
/* End PBXNativeTarget section */

/* Begin PBXProject section */
		729E23712B367CA700E1E0DA /* Project object */ = {
			isa = PBXProject;
			attributes = {
				BuildIndependentTargetsInParallel = 1;
				LastSwiftUpdateCheck = 1640;
				LastUpgradeCheck = 2600;
				TargetAttributes = {
					729E23782B367CA700E1E0DA = {
						CreatedOnToolsVersion = 15.1;
					};
					72F479F62B36B95D00FCF22C = {
						CreatedOnToolsVersion = 15.1;
					};
				};
			};
			buildConfigurationList = 729E23742B367CA700E1E0DA /* Build configuration list for PBXProject "Al-Quran" */;
			developmentRegion = en;
			hasScannedForEncodings = 0;
			knownRegions = (
				en,
				Base,
			);
			mainGroup = 729E23702B367CA700E1E0DA;
			preferredProjectObjectVersion = 77;
			productRefGroup = 729E237A2B367CA700E1E0DA /* Products */;
			projectDirPath = "";
			projectRoot = "";
			targets = (
				729E23782B367CA700E1E0DA /* iPhone */,
				72F479F62B36B95D00FCF22C /* Watch */,
			);
		};
/* End PBXProject section */

/* Begin PBXResourcesBuildPhase section */
		729E23772B367CA700E1E0DA /* Resources */ = {
			isa = PBXResourcesBuildPhase;
			buildActionMask = 2147483647;
			files = (
				728D75392F79C26600502B8A /* NamesOfAllah.json in Resources */,
				72BB524E2F8B8C8F0049EB9E /* Quran.json in Resources */,
				728D75302F79C25D00502B8A /* Uthmani.ttf in Resources */,
				728D75312F79C25D00502B8A /* Indopak.ttf in Resources */,
				72BB523F2F8B8C880049EB9E /* QiraahDuri.json in Resources */,
				72BB52402F8B8C880049EB9E /* QiraahShubah.json in Resources */,
				72BB52412F8B8C880049EB9E /* QiraahWarsh.json in Resources */,
				72BB52422F8B8C880049EB9E /* QiraahQaloon.json in Resources */,
				72BB52432F8B8C880049EB9E /* QiraahBuzzi.json in Resources */,
				72BB52442F8B8C880049EB9E /* QiraahSusi.json in Resources */,
				72BB52452F8B8C880049EB9E /* QiraahQunbul.json in Resources */,
				729E23812B367CA800E1E0DA /* Assets.xcassets in Resources */,
			);
			runOnlyForDeploymentPostprocessing = 0;
		};
		72F479F52B36B95D00FCF22C /* Resources */ = {
			isa = PBXResourcesBuildPhase;
			buildActionMask = 2147483647;
			files = (
				728D75362F79C26600502B8A /* NamesOfAllah.json in Resources */,
				72BB524F2F8B8C8F0049EB9E /* Quran.json in Resources */,
				728D752E2F79C25D00502B8A /* Uthmani.ttf in Resources */,
				728D752F2F79C25D00502B8A /* Indopak.ttf in Resources */,
				72BB52462F8B8C880049EB9E /* QiraahDuri.json in Resources */,
				72BB52472F8B8C880049EB9E /* QiraahShubah.json in Resources */,
				72BB52482F8B8C880049EB9E /* QiraahWarsh.json in Resources */,
				72BB52492F8B8C880049EB9E /* QiraahQaloon.json in Resources */,
				72BB524A2F8B8C880049EB9E /* QiraahBuzzi.json in Resources */,
				72BB524B2F8B8C880049EB9E /* QiraahSusi.json in Resources */,
				72BB524C2F8B8C880049EB9E /* QiraahQunbul.json in Resources */,
				72F47A1C2B38E49100FCF22C /* Assets.xcassets in Resources */,
			);
			runOnlyForDeploymentPostprocessing = 0;
		};
/* End PBXResourcesBuildPhase section */

/* Begin PBXSourcesBuildPhase section */
		729E23752B367CA700E1E0DA /* Sources */ = {
			isa = PBXSourcesBuildPhase;
			buildActionMask = 2147483647;
			files = (
				72F47A1B2B36BF0300FCF22C /* SplashScreen.swift in Sources */,
				72F479B92B367DE200FCF22C /* LaunchScreen.swift in Sources */,
				729E237D2B367CA700E1E0DA /* Al-QuranApp.swift in Sources */,
				72574CD22E49F33800BFF138 /* AppIntents.swift in Sources */,
				72F479C12B367DE200FCF22C /* SettingsView.swift in Sources */,
				728E2EF02E6E062500F2C24C /* SettingsQuran.swift in Sources */,
				72BC6B342E3190B800ACD832 /* Globals.swift in Sources */,
				72F479C22B367DE200FCF22C /* Settings.swift in Sources */,
				720DEC6A2D24581D006EA342 /* CreditsView.swift in Sources */,
				72827EB72E3D71BB00EBA534 /* SettingsQuranView.swift in Sources */,
				72716A7E2F945FAE003F15C1 /* WallpaperView.swift in Sources */,
				72716A7F2F945FAE003F15C1 /* ViewExtensions.swift in Sources */,
				72716A812F945FAE003F15C1 /* GlassEffect.swift in Sources */,
				72716A872F945FAE003F15C1 /* SearchBar.swift in Sources */,
				72716A8B2F945FAE003F15C1 /* NamesView.swift in Sources */,
				72716A902F945FAE003F15C1 /* DuaView.swift in Sources */,
				72716A912F945FAE003F15C1 /* ArabicView.swift in Sources */,
				72716A932F945FAE003F15C1 /* PreviewSupport.swift in Sources */,
				72716A942F945FAE003F15C1 /* TajweedView.swift in Sources */,
				72716A952F945FAE003F15C1 /* TasbihView.swift in Sources */,
				72716A992F945FAE003F15C1 /* IslamView.swift in Sources */,
				72716A9B2F945FAE003F15C1 /* PillarsView.swift in Sources */,
				72716A9C2F945FAE003F15C1 /* DateView.swift in Sources */,
				72716A9D2F945FAE003F15C1 /* AdhkarView.swift in Sources */,
				72537C252F04361900829F59 /* AppReview.swift in Sources */,
				72B2F05A2F94CDE30014826E /* PlayCustomRangeSheet.swift in Sources */,
				72B2F05B2F94CDE30014826E /* QuranStructs.swift in Sources */,
				72B2F05C2F94CDE30014826E /* QuranPlayer.swift in Sources */,
				72B2F05D2F94CDE30014826E /* SurahHeaders.swift in Sources */,
				72B2F05E2F94CDE30014826E /* AyahRow.swift in Sources */,
				72B2F05F2F94CDE30014826E /* ProfanityFilter.swift in Sources */,
				72B2F0602F94CDE30014826E /* TajweedRules.swift in Sources */,
				72B2F0612F94CDE30014826E /* QuranView.swift in Sources */,
				72B2F0622F94CDE30014826E /* SurahRows.swift in Sources */,
				72B2F0632F94CDE30014826E /* QuranShortcuts.swift in Sources */,
				72B2F0642F94CDE30014826E /* TajweedLegendView.swift in Sources */,
				72B2F0652F94CDE30014826E /* NowPlayingView.swift in Sources */,
				72B2F0662F94CDE30014826E /* AyahsView.swift in Sources */,
				72B2F0672F94CDE30014826E /* Highlighted.swift in Sources */,
				72B2F0682F94CDE30014826E /* QuranData.swift in Sources */,
				72B2F0692F94CDE30014826E /* ContextMenu.swift in Sources */,
				72B2F06A2F94CDE30014826E /* ShareAyah.swift in Sources */,
				728D76502F79E9D700502B8A /* AppDelegate.swift in Sources */,
				728D75A92F79C53600502B8A /* ArabicLetters.swift in Sources */,
			);
			runOnlyForDeploymentPostprocessing = 0;
		};
		72F479F32B36B95D00FCF22C /* Sources */ = {
			isa = PBXSourcesBuildPhase;
			buildActionMask = 2147483647;
			files = (
				72F47A082B36B99600FCF22C /* SettingsView.swift in Sources */,
				72F47A182B36BA1800FCF22C /* LaunchScreen.swift in Sources */,
				728D75AA2F79C53600502B8A /* ArabicLetters.swift in Sources */,
				72BC6B352E3190B800ACD832 /* Globals.swift in Sources */,
				72F47A092B36B99600FCF22C /* Settings.swift in Sources */,
				72F479FA2B36B95D00FCF22C /* Al-QuranApp.swift in Sources */,
				728D75BD2F79CF1B00502B8A /* AppReview.swift in Sources */,
				728D75BF2F79CF5100502B8A /* CreditsView.swift in Sources */,
				728D75E72F79D2FA00502B8A /* SplashScreen.swift in Sources */,
				728D764F2F79E9D700502B8A /* AppDelegate.swift in Sources */,
				72716A5E2F945FAE003F15C1 /* WallpaperView.swift in Sources */,
				72716A5F2F945FAE003F15C1 /* ViewExtensions.swift in Sources */,
				72716A612F945FAE003F15C1 /* GlassEffect.swift in Sources */,
				72716A672F945FAE003F15C1 /* SearchBar.swift in Sources */,
				72716A6B2F945FAE003F15C1 /* NamesView.swift in Sources */,
				72716A702F945FAE003F15C1 /* DuaView.swift in Sources */,
				72716A712F945FAE003F15C1 /* ArabicView.swift in Sources */,
				72716A732F945FAE003F15C1 /* PreviewSupport.swift in Sources */,
				72716A742F945FAE003F15C1 /* TajweedView.swift in Sources */,
				72716A752F945FAE003F15C1 /* TasbihView.swift in Sources */,
				72716A792F945FAE003F15C1 /* IslamView.swift in Sources */,
				72716A7B2F945FAE003F15C1 /* PillarsView.swift in Sources */,
				72716A7C2F945FAE003F15C1 /* DateView.swift in Sources */,
				72716A7D2F945FAE003F15C1 /* AdhkarView.swift in Sources */,
				72574CD12E49F33800BFF138 /* AppIntents.swift in Sources */,
				72B2F06B2F94CDE30014826E /* PlayCustomRangeSheet.swift in Sources */,
				72B2F06C2F94CDE30014826E /* QuranStructs.swift in Sources */,
				72B2F06D2F94CDE30014826E /* QuranPlayer.swift in Sources */,
				72B2F06E2F94CDE30014826E /* SurahHeaders.swift in Sources */,
				72B2F06F2F94CDE30014826E /* AyahRow.swift in Sources */,
				72B2F0702F94CDE30014826E /* ProfanityFilter.swift in Sources */,
				72B2F0712F94CDE30014826E /* TajweedRules.swift in Sources */,
				72B2F0722F94CDE30014826E /* QuranView.swift in Sources */,
				72B2F0732F94CDE30014826E /* SurahRows.swift in Sources */,
				72B2F0742F94CDE30014826E /* QuranShortcuts.swift in Sources */,
				72B2F0752F94CDE30014826E /* TajweedLegendView.swift in Sources */,
				72B2F0762F94CDE30014826E /* NowPlayingView.swift in Sources */,
				72B2F0772F94CDE30014826E /* AyahsView.swift in Sources */,
				72B2F0782F94CDE30014826E /* Highlighted.swift in Sources */,
				72B2F0792F94CDE30014826E /* QuranData.swift in Sources */,
				72B2F07A2F94CDE30014826E /* ContextMenu.swift in Sources */,
				72B2F07B2F94CDE30014826E /* ShareAyah.swift in Sources */,
				72827EB82E3D71BB00EBA534 /* SettingsQuranView.swift in Sources */,
				728E2EF12E6E062500F2C24C /* SettingsQuran.swift in Sources */,
			);
			runOnlyForDeploymentPostprocessing = 0;
		};
/* End PBXSourcesBuildPhase section */

/* Begin PBXTargetDependency section */
		72F47A032B36B95E00FCF22C /* PBXTargetDependency */ = {
			isa = PBXTargetDependency;
			target = 72F479F62B36B95D00FCF22C /* Watch */;
			targetProxy = 72F47A022B36B95E00FCF22C /* PBXContainerItemProxy */;
		};
/* End PBXTargetDependency section */

/* Begin XCBuildConfiguration section */
		729E23852B367CA800E1E0DA /* Debug */ = {
			isa = XCBuildConfiguration;
			buildSettings = {
				ALWAYS_SEARCH_USER_PATHS = NO;
				ASSETCATALOG_COMPILER_GENERATE_SWIFT_ASSET_SYMBOL_EXTENSIONS = YES;
				CLANG_ANALYZER_NONNULL = YES;
				CLANG_ANALYZER_NUMBER_OBJECT_CONVERSION = YES_AGGRESSIVE;
				CLANG_CXX_LANGUAGE_STANDARD = "gnu++20";
				CLANG_ENABLE_MODULES = YES;
				CLANG_ENABLE_OBJC_ARC = YES;
				CLANG_ENABLE_OBJC_WEAK = YES;
				CLANG_WARN_BLOCK_CAPTURE_AUTORELEASING = YES;
				CLANG_WARN_BOOL_CONVERSION = YES;
				CLANG_WARN_COMMA = YES;
				CLANG_WARN_CONSTANT_CONVERSION = YES;
				CLANG_WARN_DEPRECATED_OBJC_IMPLEMENTATIONS = YES;
				CLANG_WARN_DIRECT_OBJC_ISA_USAGE = YES_ERROR;
				CLANG_WARN_DOCUMENTATION_COMMENTS = YES;
				CLANG_WARN_EMPTY_BODY = YES;
				CLANG_WARN_ENUM_CONVERSION = YES;
				CLANG_WARN_INFINITE_RECURSION = YES;
				CLANG_WARN_INT_CONVERSION = YES;
				CLANG_WARN_NON_LITERAL_NULL_CONVERSION = YES;
				CLANG_WARN_OBJC_IMPLICIT_RETAIN_SELF = YES;
				CLANG_WARN_OBJC_LITERAL_CONVERSION = YES;
				CLANG_WARN_OBJC_ROOT_CLASS = YES_ERROR;
				CLANG_WARN_QUOTED_INCLUDE_IN_FRAMEWORK_HEADER = YES;
				CLANG_WARN_RANGE_LOOP_ANALYSIS = YES;
				CLANG_WARN_STRICT_PROTOTYPES = YES;
				CLANG_WARN_SUSPICIOUS_MOVE = YES;
				CLANG_WARN_UNGUARDED_AVAILABILITY = YES_AGGRESSIVE;
				CLANG_WARN_UNREACHABLE_CODE = YES;
				CLANG_WARN__DUPLICATE_METHOD_MATCH = YES;
				CODE_SIGN_ENTITLEMENTS = Resources/Entitlements.entitlements;
				COPY_PHASE_STRIP = NO;
				DEBUG_INFORMATION_FORMAT = dwarf;
				DEVELOPMENT_TEAM = 8HQMC4MQ59;
				ENABLE_STRICT_OBJC_MSGSEND = YES;
				ENABLE_TESTABILITY = YES;
				ENABLE_USER_SCRIPT_SANDBOXING = YES;
				GCC_C_LANGUAGE_STANDARD = gnu17;
				GCC_DYNAMIC_NO_PIC = NO;
				GCC_NO_COMMON_BLOCKS = YES;
				GCC_OPTIMIZATION_LEVEL = 0;
				GCC_PREPROCESSOR_DEFINITIONS = (
					"DEBUG=1",
					"$(inherited)",
				);
				GCC_WARN_64_TO_32_BIT_CONVERSION = YES;
				GCC_WARN_ABOUT_RETURN_TYPE = YES_ERROR;
				GCC_WARN_UNDECLARED_SELECTOR = YES;
				GCC_WARN_UNINITIALIZED_AUTOS = YES_AGGRESSIVE;
				GCC_WARN_UNUSED_FUNCTION = YES;
				GCC_WARN_UNUSED_VARIABLE = YES;
				INFOPLIST_FILE = Resources/Info.plist;
				IPHONEOS_DEPLOYMENT_TARGET = 15.0;
				LOCALIZATION_PREFERS_STRING_CATALOGS = YES;
				MTL_ENABLE_DEBUG_INFO = INCLUDE_SOURCE;
				MTL_FAST_MATH = YES;
				ONLY_ACTIVE_ARCH = YES;
				SDKROOT = iphoneos;
				STRING_CATALOG_GENERATE_SYMBOLS = YES;
				SWIFT_ACTIVE_COMPILATION_CONDITIONS = "DEBUG $(inherited)";
				SWIFT_OPTIMIZATION_LEVEL = "-Onone";
				WATCHOS_DEPLOYMENT_TARGET = 9.0;
			};
			name = Debug;
		};
		729E23862B367CA800E1E0DA /* Release */ = {
			isa = XCBuildConfiguration;
			buildSettings = {
				ALWAYS_SEARCH_USER_PATHS = NO;
				ASSETCATALOG_COMPILER_GENERATE_SWIFT_ASSET_SYMBOL_EXTENSIONS = YES;
				CLANG_ANALYZER_NONNULL = YES;
				CLANG_ANALYZER_NUMBER_OBJECT_CONVERSION = YES_AGGRESSIVE;
				CLANG_CXX_LANGUAGE_STANDARD = "gnu++20";
				CLANG_ENABLE_MODULES = YES;
				CLANG_ENABLE_OBJC_ARC = YES;
				CLANG_ENABLE_OBJC_WEAK = YES;
				CLANG_WARN_BLOCK_CAPTURE_AUTORELEASING = YES;
				CLANG_WARN_BOOL_CONVERSION = YES;
				CLANG_WARN_COMMA = YES;
				CLANG_WARN_CONSTANT_CONVERSION = YES;
				CLANG_WARN_DEPRECATED_OBJC_IMPLEMENTATIONS = YES;
				CLANG_WARN_DIRECT_OBJC_ISA_USAGE = YES_ERROR;
				CLANG_WARN_DOCUMENTATION_COMMENTS = YES;
				CLANG_WARN_EMPTY_BODY = YES;
				CLANG_WARN_ENUM_CONVERSION = YES;
				CLANG_WARN_INFINITE_RECURSION = YES;
				CLANG_WARN_INT_CONVERSION = YES;
				CLANG_WARN_NON_LITERAL_NULL_CONVERSION = YES;
				CLANG_WARN_OBJC_IMPLICIT_RETAIN_SELF = YES;
				CLANG_WARN_OBJC_LITERAL_CONVERSION = YES;
				CLANG_WARN_OBJC_ROOT_CLASS = YES_ERROR;
				CLANG_WARN_QUOTED_INCLUDE_IN_FRAMEWORK_HEADER = YES;
				CLANG_WARN_RANGE_LOOP_ANALYSIS = YES;
				CLANG_WARN_STRICT_PROTOTYPES = YES;
				CLANG_WARN_SUSPICIOUS_MOVE = YES;
				CLANG_WARN_UNGUARDED_AVAILABILITY = YES_AGGRESSIVE;
				CLANG_WARN_UNREACHABLE_CODE = YES;
				CLANG_WARN__DUPLICATE_METHOD_MATCH = YES;
				CODE_SIGN_ENTITLEMENTS = Resources/Entitlements.entitlements;
				COPY_PHASE_STRIP = NO;
				DEBUG_INFORMATION_FORMAT = "dwarf-with-dsym";
				DEVELOPMENT_TEAM = 8HQMC4MQ59;
				ENABLE_NS_ASSERTIONS = NO;
				ENABLE_STRICT_OBJC_MSGSEND = YES;
				ENABLE_USER_SCRIPT_SANDBOXING = YES;
				GCC_C_LANGUAGE_STANDARD = gnu17;
				GCC_NO_COMMON_BLOCKS = YES;
				GCC_WARN_64_TO_32_BIT_CONVERSION = YES;
				GCC_WARN_ABOUT_RETURN_TYPE = YES_ERROR;
				GCC_WARN_UNDECLARED_SELECTOR = YES;
				GCC_WARN_UNINITIALIZED_AUTOS = YES_AGGRESSIVE;
				GCC_WARN_UNUSED_FUNCTION = YES;
				GCC_WARN_UNUSED_VARIABLE = YES;
				INFOPLIST_FILE = Resources/Info.plist;
				IPHONEOS_DEPLOYMENT_TARGET = 15.0;
				LOCALIZATION_PREFERS_STRING_CATALOGS = YES;
				MTL_ENABLE_DEBUG_INFO = NO;
				MTL_FAST_MATH = YES;
				SDKROOT = iphoneos;
				STRING_CATALOG_GENERATE_SYMBOLS = YES;
				SWIFT_COMPILATION_MODE = wholemodule;
				VALIDATE_PRODUCT = YES;
				WATCHOS_DEPLOYMENT_TARGET = 9.0;
			};
			name = Release;
		};
		729E23882B367CA800E1E0DA /* Debug */ = {
			isa = XCBuildConfiguration;
			buildSettings = {
				ASSETCATALOG_COMPILER_APPICON_NAME = "AppIcon Phone";
				ASSETCATALOG_COMPILER_GLOBAL_ACCENT_COLOR_NAME = AccentColor;
				CODE_SIGN_ENTITLEMENTS = Resources/Entitlements.entitlements;
				CODE_SIGN_STYLE = Automatic;
				CURRENT_PROJECT_VERSION = 1;
				ENABLE_PREVIEWS = YES;
				GENERATE_INFOPLIST_FILE = YES;
				INFOPLIST_FILE = "Resources/Info-Main.plist";
				INFOPLIST_KEY_CFBundleDisplayName = "Al-Quran";
				INFOPLIST_KEY_LSApplicationCategoryType = "public.app-category.utilities";
				INFOPLIST_KEY_NSPhotoLibraryAddUsageDescription = "Used to save wallpapers you choose to your Photo Library.";
				INFOPLIST_KEY_UIApplicationSceneManifest_Generation = YES;
				INFOPLIST_KEY_UIApplicationSupportsIndirectInputEvents = YES;
				INFOPLIST_KEY_UILaunchScreen_Generation = YES;
				INFOPLIST_KEY_UISupportedInterfaceOrientations_iPad = "UIInterfaceOrientationPortrait UIInterfaceOrientationPortraitUpsideDown UIInterfaceOrientationLandscapeLeft UIInterfaceOrientationLandscapeRight";
				INFOPLIST_KEY_UISupportedInterfaceOrientations_iPhone = "UIInterfaceOrientationPortrait UIInterfaceOrientationLandscapeLeft UIInterfaceOrientationLandscapeRight";
				IPHONEOS_DEPLOYMENT_TARGET = 15.0;
				LD_RUNPATH_SEARCH_PATHS = (
					"$(inherited)",
					"@executable_path/Frameworks",
				);
				MARKETING_VERSION = 2.3.2;
				PRODUCT_BUNDLE_IDENTIFIER = "com.Quran.Elmallah.Beginner-Quran";
				PRODUCT_NAME = "$(TARGET_NAME)";
				SWIFT_EMIT_LOC_STRINGS = YES;
				SWIFT_VERSION = 5.0;
				TARGETED_DEVICE_FAMILY = "1,2";
			};
			name = Debug;
		};
		729E23892B367CA800E1E0DA /* Release */ = {
			isa = XCBuildConfiguration;
			buildSettings = {
				ASSETCATALOG_COMPILER_APPICON_NAME = "AppIcon Phone";
				ASSETCATALOG_COMPILER_GLOBAL_ACCENT_COLOR_NAME = AccentColor;
				CODE_SIGN_ENTITLEMENTS = Resources/Entitlements.entitlements;
				CODE_SIGN_STYLE = Automatic;
				CURRENT_PROJECT_VERSION = 1;
				ENABLE_PREVIEWS = YES;
				GENERATE_INFOPLIST_FILE = YES;
				INFOPLIST_FILE = "Resources/Info-Main.plist";
				INFOPLIST_KEY_CFBundleDisplayName = "Al-Quran";
				INFOPLIST_KEY_LSApplicationCategoryType = "public.app-category.utilities";
				INFOPLIST_KEY_NSPhotoLibraryAddUsageDescription = "Used to save wallpapers you choose to your Photo Library.";
				INFOPLIST_KEY_UIApplicationSceneManifest_Generation = YES;
				INFOPLIST_KEY_UIApplicationSupportsIndirectInputEvents = YES;
				INFOPLIST_KEY_UILaunchScreen_Generation = YES;
				INFOPLIST_KEY_UISupportedInterfaceOrientations_iPad = "UIInterfaceOrientationPortrait UIInterfaceOrientationPortraitUpsideDown UIInterfaceOrientationLandscapeLeft UIInterfaceOrientationLandscapeRight";
				INFOPLIST_KEY_UISupportedInterfaceOrientations_iPhone = "UIInterfaceOrientationPortrait UIInterfaceOrientationLandscapeLeft UIInterfaceOrientationLandscapeRight";
				IPHONEOS_DEPLOYMENT_TARGET = 15.0;
				LD_RUNPATH_SEARCH_PATHS = (
					"$(inherited)",
					"@executable_path/Frameworks",
				);
				MARKETING_VERSION = 2.3.2;
				PRODUCT_BUNDLE_IDENTIFIER = "com.Quran.Elmallah.Beginner-Quran";
				PRODUCT_NAME = "$(TARGET_NAME)";
				SWIFT_EMIT_LOC_STRINGS = YES;
				SWIFT_VERSION = 5.0;
				TARGETED_DEVICE_FAMILY = "1,2";
			};
			name = Release;
		};
		72F47A062B36B95E00FCF22C /* Debug */ = {
			isa = XCBuildConfiguration;
			buildSettings = {
				ASSETCATALOG_COMPILER_APPICON_NAME = "AppIcon Watch";
				ASSETCATALOG_COMPILER_GLOBAL_ACCENT_COLOR_NAME = AccentColor;
				CODE_SIGN_ENTITLEMENTS = Resources/Entitlements.entitlements;
				CODE_SIGN_STYLE = Automatic;
				CURRENT_PROJECT_VERSION = 1;
				ENABLE_PREVIEWS = YES;
				GENERATE_INFOPLIST_FILE = YES;
				INFOPLIST_FILE = "Resources/Info-Main.plist";
				INFOPLIST_KEY_CFBundleDisplayName = "Al-Quran";
				INFOPLIST_KEY_UISupportedInterfaceOrientations = "UIInterfaceOrientationPortrait UIInterfaceOrientationPortraitUpsideDown";
				INFOPLIST_KEY_WKCompanionAppBundleIdentifier = "com.Quran.Elmallah.Beginner-Quran";
				INFOPLIST_KEY_WKRunsIndependentlyOfCompanionApp = YES;
				LD_RUNPATH_SEARCH_PATHS = (
					"$(inherited)",
					"@executable_path/Frameworks",
				);
				MARKETING_VERSION = 2.3.2;
				PRODUCT_BUNDLE_IDENTIFIER = "com.Quran.Elmallah.Beginner-Quran.watchkitapp";
				PRODUCT_NAME = "Beginner Quran";
				SDKROOT = watchos;
				SKIP_INSTALL = YES;
				SWIFT_EMIT_LOC_STRINGS = YES;
				SWIFT_VERSION = 5.0;
				TARGETED_DEVICE_FAMILY = 4;
				WATCHOS_DEPLOYMENT_TARGET = 9.0;
			};
			name = Debug;
		};
		72F47A072B36B95E00FCF22C /* Release */ = {
			isa = XCBuildConfiguration;
			buildSettings = {
				ASSETCATALOG_COMPILER_APPICON_NAME = "AppIcon Watch";
				ASSETCATALOG_COMPILER_GLOBAL_ACCENT_COLOR_NAME = AccentColor;
				CODE_SIGN_ENTITLEMENTS = Resources/Entitlements.entitlements;
				CODE_SIGN_STYLE = Automatic;
				CURRENT_PROJECT_VERSION = 1;
				ENABLE_PREVIEWS = YES;
				GENERATE_INFOPLIST_FILE = YES;
				INFOPLIST_FILE = "Resources/Info-Main.plist";
				INFOPLIST_KEY_CFBundleDisplayName = "Al-Quran";
				INFOPLIST_KEY_UISupportedInterfaceOrientations = "UIInterfaceOrientationPortrait UIInterfaceOrientationPortraitUpsideDown";
				INFOPLIST_KEY_WKCompanionAppBundleIdentifier = "com.Quran.Elmallah.Beginner-Quran";
				INFOPLIST_KEY_WKRunsIndependentlyOfCompanionApp = YES;
				LD_RUNPATH_SEARCH_PATHS = (
					"$(inherited)",
					"@executable_path/Frameworks",
				);
				MARKETING_VERSION = 2.3.2;
				PRODUCT_BUNDLE_IDENTIFIER = "com.Quran.Elmallah.Beginner-Quran.watchkitapp";
				PRODUCT_NAME = "Beginner Quran";
				SDKROOT = watchos;
				SKIP_INSTALL = YES;
				SWIFT_EMIT_LOC_STRINGS = YES;
				SWIFT_VERSION = 5.0;
				TARGETED_DEVICE_FAMILY = 4;
				WATCHOS_DEPLOYMENT_TARGET = 9.0;
			};
			name = Release;
		};
/* End XCBuildConfiguration section */

/* Begin XCConfigurationList section */
		729E23742B367CA700E1E0DA /* Build configuration list for PBXProject "Al-Quran" */ = {
			isa = XCConfigurationList;
			buildConfigurations = (
				729E23852B367CA800E1E0DA /* Debug */,
				729E23862B367CA800E1E0DA /* Release */,
			);
			defaultConfigurationIsVisible = 0;
			defaultConfigurationName = Release;
		};
		729E23872B367CA800E1E0DA /* Build configuration list for PBXNativeTarget "iPhone" */ = {
			isa = XCConfigurationList;
			buildConfigurations = (
				729E23882B367CA800E1E0DA /* Debug */,
				729E23892B367CA800E1E0DA /* Release */,
			);
			defaultConfigurationIsVisible = 0;
			defaultConfigurationName = Release;
		};
		72F47A052B36B95E00FCF22C /* Build configuration list for PBXNativeTarget "Watch" */ = {
			isa = XCConfigurationList;
			buildConfigurations = (
				72F47A062B36B95E00FCF22C /* Debug */,
				72F47A072B36B95E00FCF22C /* Release */,
			);
			defaultConfigurationIsVisible = 0;
			defaultConfigurationName = Release;
		};
/* End XCConfigurationList section */
	};
	rootObject = 729E23712B367CA700E1E0DA /* Project object */;
}
